dependencies:
- name: grafana
  repository: file://./charts/grafana
  version: 8.10.4
- name: hardenedKubelet
  repository: file://./charts/hardenedKubelet
  version: 0.1.5-rancher2
- name: hardenedNodeExporter
  repository: file://./charts/hardenedNodeExporter
  version: 0.1.5-rancher2
- name: k3sServer
  repository: file://./charts/k3sServer
  version: 0.1.5-rancher2
- name: kube-state-metrics
  repository: file://./charts/kube-state-metrics
  version: 5.30.1
- name: kubeAdmControllerManager
  repository: file://./charts/kubeAdmControllerManager
  version: 0.1.5-rancher2
- name: kubeAdmEtcd
  repository: file://./charts/kubeAdmEtcd
  version: 0.1.5-rancher2
- name: kubeAdmProxy
  repository: file://./charts/kubeAdmProxy
  version: 0.1.5-rancher2
- name: kubeAdmScheduler
  repository: file://./charts/kubeAdmScheduler
  version: 0.1.5-rancher2
- name: prometheus-adapter
  repository: file://./charts/prometheus-adapter
  version: 4.13.0
- name: prometheus-node-exporter
  repository: file://./charts/prometheus-node-exporter
  version: 4.44.1
- name: rke2ControllerManager
  repository: file://./charts/rke2ControllerManager
  version: 0.1.5-rancher2
- name: rke2Etcd
  repository: file://./charts/rke2Etcd
  version: 0.1.5-rancher2
- name: rke2IngressNginx
  repository: file://./charts/rke2IngressNginx
  version: 0.1.5-rancher2
- name: rke2Proxy
  repository: file://./charts/rke2Proxy
  version: 0.1.5-rancher2
- name: rke2Scheduler
  repository: file://./charts/rke2Scheduler
  version: 0.1.5-rancher2
- name: rkeControllerManager
  repository: file://./charts/rkeControllerManager
  version: 0.1.5-rancher2
- name: rkeEtcd
  repository: file://./charts/rkeEtcd
  version: 0.1.5-rancher2
- name: rkeIngressNginx
  repository: file://./charts/rkeIngressNginx
  version: 0.1.5-rancher2
- name: rkeProxy
  repository: file://./charts/rkeProxy
  version: 0.1.5-rancher2
- name: rkeScheduler
  repository: file://./charts/rkeScheduler
  version: 0.1.5-rancher2
- name: windowsExporter
  repository: file://./charts/windowsExporter
  version: 0.9.1
digest: sha256:84369c39c14d926884d8faf774ea71022fca0c40bb08094a2e2fa143e992db5d
generated: "2025-07-28T15:57:19.03611+03:00"
